// !$*UTF8*$!
{
	archiveVersion = 1;
	classes = {
	};
	objectVersion = 56;
	objects = {

/* Begin PBXBuildFile section */
		0615EBBA2A560230004F1C05 /* CircularProgressBar.swift in Sources */ = {isa = PBXBuildFile; fileRef = 0615EBB92A560230004F1C05 /* CircularProgressBar.swift */; };
		0615EBBC2A5750AB004F1C05 /* SuccessView.swift in Sources */ = {isa = PBXBuildFile; fileRef = 0615EBBB2A5750AB004F1C05 /* SuccessView.swift */; };
		0615EBBE2A5767B1004F1C05 /* Conditions.swift in Sources */ = {isa = PBXBuildFile; fileRef = 0615EBBD2A5767B1004F1C05 /* Conditions.swift */; };
		0643802F2A1EEFBC00EC2FE3 /* FaceRecogResearchApp.swift in Sources */ = {isa = PBXBuildFile; fileRef = 0643802E2A1EEFBC00EC2FE3 /* FaceRecogResearchApp.swift */; };
		064380312A1EEFBC00EC2FE3 /* Introduction.swift in Sources */ = {isa = PBXBuildFile; fileRef = 064380302A1EEFBC00EC2FE3 /* Introduction.swift */; };
		064380332A1EEFBE00EC2FE3 /* Assets.xcassets in Resources */ = {isa = PBXBuildFile; fileRef = 064380322A1EEFBE00EC2FE3 /* Assets.xcassets */; };
		064380362A1EEFBF00EC2FE3 /* Preview Assets.xcassets in Resources */ = {isa = PBXBuildFile; fileRef = 064380352A1EEFBF00EC2FE3 /* Preview Assets.xcassets */; };
		0643803E2A1F5D2B00EC2FE3 /* Consent.swift in Sources */ = {isa = PBXBuildFile; fileRef = 0643803D2A1F5D2B00EC2FE3 /* Consent.swift */; };
		064380402A1F77CE00EC2FE3 /* InstructionA.swift in Sources */ = {isa = PBXBuildFile; fileRef = 0643803F2A1F77CE00EC2FE3 /* InstructionA.swift */; };
		064380422A1F77F500EC2FE3 /* BeginTrial.swift in Sources */ = {isa = PBXBuildFile; fileRef = 064380412A1F77F500EC2FE3 /* BeginTrial.swift */; };
		0643805E2A2E9C7000EC2FE3 /* CameraViewDriver.swift in Sources */ = {isa = PBXBuildFile; fileRef = 0643805D2A2E9C7000EC2FE3 /* CameraViewDriver.swift */; };
		06952F7C2A4A903E003F81D2 /* NoSpaceList.swift in Sources */ = {isa = PBXBuildFile; fileRef = 06952F7B2A4A903E003F81D2 /* NoSpaceList.swift */; };
		06E107E32A61DCA500126AF1 /* PreviewView.swift in Sources */ = {isa = PBXBuildFile; fileRef = 06E107E22A61DCA500126AF1 /* PreviewView.swift */; };
		06E107E72A6B189100126AF1 /* Card.swift in Sources */ = {isa = PBXBuildFile; fileRef = 06E107E62A6B189100126AF1 /* Card.swift */; };
		06E107E92A6B192E00126AF1 /* CardView.swift in Sources */ = {isa = PBXBuildFile; fileRef = 06E107E82A6B192E00126AF1 /* CardView.swift */; };
		06E107ED2A6B2FDC00126AF1 /* InstructionB.swift in Sources */ = {isa = PBXBuildFile; fileRef = 06E107EC2A6B2FDC00126AF1 /* InstructionB.swift */; };
		06E107EF2A6B2FEF00126AF1 /* InstructionC.swift in Sources */ = {isa = PBXBuildFile; fileRef = 06E107EE2A6B2FEF00126AF1 /* InstructionC.swift */; };
		06E107F12A6B340800126AF1 /* Instruction.swift in Sources */ = {isa = PBXBuildFile; fileRef = 06E107F02A6B340800126AF1 /* Instruction.swift */; };
		06E107F32A6B859200126AF1 /* PhoneOtpView.swift in Sources */ = {isa = PBXBuildFile; fileRef = 06E107F22A6B859200126AF1 /* PhoneOtpView.swift */; };
		06E107F52A6B885D00126AF1 /* FaceDetection.swift in Sources */ = {isa = PBXBuildFile; fileRef = 06E107F42A6B885D00126AF1 /* FaceDetection.swift */; };
		06E107F72A6B891700126AF1 /* BulletPoint.swift in Sources */ = {isa = PBXBuildFile; fileRef = 06E107F62A6B891700126AF1 /* BulletPoint.swift */; };
		06E107F92A6B8D3500126AF1 /* HoleMask.swift in Sources */ = {isa = PBXBuildFile; fileRef = 06E107F82A6B8D3500126AF1 /* HoleMask.swift */; };
/* End PBXBuildFile section */

/* Begin PBXFileReference section */
		0615EBB92A560230004F1C05 /* CircularProgressBar.swift */ = {isa = PBXFileReference; lastKnownFileType = sourcecode.swift; path = CircularProgressBar.swift; sourceTree = "<group>"; };
		0615EBBB2A5750AB004F1C05 /* SuccessView.swift */ = {isa = PBXFileReference; lastKnownFileType = sourcecode.swift; path = SuccessView.swift; sourceTree = "<group>"; };
		0615EBBD2A5767B1004F1C05 /* Conditions.swift */ = {isa = PBXFileReference; lastKnownFileType = sourcecode.swift; path = Conditions.swift; sourceTree = "<group>"; };
		0643802B2A1EEFBC00EC2FE3 /* FaceRecogResearch.app */ = {isa = PBXFileReference; explicitFileType = wrapper.application; includeInIndex = 0; path = FaceRecogResearch.app; sourceTree = BUILT_PRODUCTS_DIR; };
		0643802E2A1EEFBC00EC2FE3 /* FaceRecogResearchApp.swift */ = {isa = PBXFileReference; lastKnownFileType = sourcecode.swift; path = FaceRecogResearchApp.swift; sourceTree = "<group>"; };
		064380302A1EEFBC00EC2FE3 /* Introduction.swift */ = {isa = PBXFileReference; lastKnownFileType = sourcecode.swift; path = Introduction.swift; sourceTree = "<group>"; };
		064380322A1EEFBE00EC2FE3 /* Assets.xcassets */ = {isa = PBXFileReference; lastKnownFileType = folder.assetcatalog; path = Assets.xcassets; sourceTree = "<group>"; };
		064380352A1EEFBF00EC2FE3 /* Preview Assets.xcassets */ = {isa = PBXFileReference; lastKnownFileType = folder.assetcatalog; path = "Preview Assets.xcassets"; sourceTree = "<group>"; };
		0643803D2A1F5D2B00EC2FE3 /* Consent.swift */ = {isa = PBXFileReference; lastKnownFileType = sourcecode.swift; path = Consent.swift; sourceTree = "<group>"; };
		0643803F2A1F77CE00EC2FE3 /* InstructionA.swift */ = {isa = PBXFileReference; lastKnownFileType = sourcecode.swift; path = InstructionA.swift; sourceTree = "<group>"; };
		064380412A1F77F500EC2FE3 /* BeginTrial.swift */ = {isa = PBXFileReference; lastKnownFileType = sourcecode.swift; path = BeginTrial.swift; sourceTree = "<group>"; };
		0643805D2A2E9C7000EC2FE3 /* CameraViewDriver.swift */ = {isa = PBXFileReference; lastKnownFileType = sourcecode.swift; path = CameraViewDriver.swift; sourceTree = "<group>"; };
		06952F402A3B7801003F81D2 /* Info.plist */ = {isa = PBXFileReference; lastKnownFileType = text.plist; path = Info.plist; sourceTree = "<group>"; };
		06952F7B2A4A903E003F81D2 /* NoSpaceList.swift */ = {isa = PBXFileReference; lastKnownFileType = sourcecode.swift; path = NoSpaceList.swift; sourceTree = "<group>"; };
		06E107E22A61DCA500126AF1 /* PreviewView.swift */ = {isa = PBXFileReference; lastKnownFileType = sourcecode.swift; path = PreviewView.swift; sourceTree = "<group>"; };
		06E107E62A6B189100126AF1 /* Card.swift */ = {isa = PBXFileReference; lastKnownFileType = sourcecode.swift; path = Card.swift; sourceTree = "<group>"; };
		06E107E82A6B192E00126AF1 /* CardView.swift */ = {isa = PBXFileReference; lastKnownFileType = sourcecode.swift; path = CardView.swift; sourceTree = "<group>"; };
		06E107EC2A6B2FDC00126AF1 /* InstructionB.swift */ = {isa = PBXFileReference; lastKnownFileType = sourcecode.swift; path = InstructionB.swift; sourceTree = "<group>"; };
		06E107EE2A6B2FEF00126AF1 /* InstructionC.swift */ = {isa = PBXFileReference; lastKnownFileType = sourcecode.swift; path = InstructionC.swift; sourceTree = "<group>"; };
		06E107F02A6B340800126AF1 /* Instruction.swift */ = {isa = PBXFileReference; lastKnownFileType = sourcecode.swift; path = Instruction.swift; sourceTree = "<group>"; };
		06E107F22A6B859200126AF1 /* PhoneOtpView.swift */ = {isa = PBXFileReference; lastKnownFileType = sourcecode.swift; path = PhoneOtpView.swift; sourceTree = "<group>"; };
		06E107F42A6B885D00126AF1 /* FaceDetection.swift */ = {isa = PBXFileReference; lastKnownFileType = sourcecode.swift; path = FaceDetection.swift; sourceTree = "<group>"; };
		06E107F62A6B891700126AF1 /* BulletPoint.swift */ = {isa = PBXFileReference; lastKnownFileType = sourcecode.swift; path = BulletPoint.swift; sourceTree = "<group>"; };
		06E107F82A6B8D3500126AF1 /* HoleMask.swift */ = {isa = PBXFileReference; lastKnownFileType = sourcecode.swift; path = HoleMask.swift; sourceTree = "<group>"; };
/* End PBXFileReference section */

/* Begin PBXFrameworksBuildPhase section */
		064380282A1EEFBC00EC2FE3 /* Frameworks */ = {
			isa = PBXFrameworksBuildPhase;
			buildActionMask = 2147483647;
			files = (
			);
			runOnlyForDeploymentPostprocessing = 0;
		};
/* End PBXFrameworksBuildPhase section */

/* Begin PBXGroup section */
		064380222A1EEFBC00EC2FE3 = {
			isa = PBXGroup;
			children = (
				0643802D2A1EEFBC00EC2FE3 /* FaceRecogResearch */,
				0643802C2A1EEFBC00EC2FE3 /* Products */,
			);
			sourceTree = "<group>";
		};
		0643802C2A1EEFBC00EC2FE3 /* Products */ = {
			isa = PBXGroup;
			children = (
				0643802B2A1EEFBC00EC2FE3 /* FaceRecogResearch.app */,
			);
			name = Products;
			sourceTree = "<group>";
		};
		0643802D2A1EEFBC00EC2FE3 /* FaceRecogResearch */ = {
			isa = PBXGroup;
			children = (
				06952F7D2A4A9081003F81D2 /* Model */,
				06952F402A3B7801003F81D2 /* Info.plist */,
				0643803C2A1F556600EC2FE3 /* Views */,
				0643802E2A1EEFBC00EC2FE3 /* FaceRecogResearchApp.swift */,
				064380322A1EEFBE00EC2FE3 /* Assets.xcassets */,
				064380342A1EEFBF00EC2FE3 /* Preview Content */,
			);
			path = FaceRecogResearch;
			sourceTree = "<group>";
		};
		064380342A1EEFBF00EC2FE3 /* Preview Content */ = {
			isa = PBXGroup;
			children = (
				064380352A1EEFBF00EC2FE3 /* Preview Assets.xcassets */,
			);
			path = "Preview Content";
			sourceTree = "<group>";
		};
		0643803C2A1F556600EC2FE3 /* Views */ = {
			isa = PBXGroup;
			children = (
				064380302A1EEFBC00EC2FE3 /* Introduction.swift */,
				0643803D2A1F5D2B00EC2FE3 /* Consent.swift */,
				0643803F2A1F77CE00EC2FE3 /* InstructionA.swift */,
				064380412A1F77F500EC2FE3 /* BeginTrial.swift */,
				0643805D2A2E9C7000EC2FE3 /* CameraViewDriver.swift */,
				06952F7B2A4A903E003F81D2 /* NoSpaceList.swift */,
				0615EBB92A560230004F1C05 /* CircularProgressBar.swift */,
				0615EBBB2A5750AB004F1C05 /* SuccessView.swift */,
				0615EBBD2A5767B1004F1C05 /* Conditions.swift */,
				06E107E22A61DCA500126AF1 /* PreviewView.swift */,
				06E107EC2A6B2FDC00126AF1 /* InstructionB.swift */,
				06E107EE2A6B2FEF00126AF1 /* InstructionC.swift */,
				06E107F22A6B859200126AF1 /* PhoneOtpView.swift */,
				06E107F42A6B885D00126AF1 /* FaceDetection.swift */,
			);
			path = Views;
			sourceTree = "<group>";
		};
		06952F7D2A4A9081003F81D2 /* Model */ = {
			isa = PBXGroup;
			children = (
				06E107E62A6B189100126AF1 /* Card.swift */,
				06E107E82A6B192E00126AF1 /* CardView.swift */,
				06E107F02A6B340800126AF1 /* Instruction.swift */,
				06E107F62A6B891700126AF1 /* BulletPoint.swift */,
				06E107F82A6B8D3500126AF1 /* HoleMask.swift */,
			);
			path = Model;
			sourceTree = "<group>";
		};
/* End PBXGroup section */

/* Begin PBXNativeTarget section */
		0643802A2A1EEFBC00EC2FE3 /* FaceRecogResearch */ = {
			isa = PBXNativeTarget;
			buildConfigurationList = 064380392A1EEFBF00EC2FE3 /* Build configuration list for PBXNativeTarget "FaceRecogResearch" */;
			buildPhases = (
				064380272A1EEFBC00EC2FE3 /* Sources */,
				064380282A1EEFBC00EC2FE3 /* Frameworks */,
				064380292A1EEFBC00EC2FE3 /* Resources */,
			);
			buildRules = (
			);
			dependencies = (
			);
			name = FaceRecogResearch;
			productName = FaceRecogResearch;
			productReference = 0643802B2A1EEFBC00EC2FE3 /* FaceRecogResearch.app */;
			productType = "com.apple.product-type.application";
		};
/* End PBXNativeTarget section */

/* Begin PBXProject section */
		064380232A1EEFBC00EC2FE3 /* Project object */ = {
			isa = PBXProject;
			attributes = {
				BuildIndependentTargetsInParallel = 1;
				LastSwiftUpdateCheck = 1400;
				LastUpgradeCheck = 1400;
				TargetAttributes = {
					0643802A2A1EEFBC00EC2FE3 = {
						CreatedOnToolsVersion = 14.0.1;
					};
				};
			};
			buildConfigurationList = 064380262A1EEFBC00EC2FE3 /* Build configuration list for PBXProject "FaceRecogResearch" */;
			compatibilityVersion = "Xcode 14.0";
			developmentRegion = en;
			hasScannedForEncodings = 0;
			knownRegions = (
				en,
				Base,
			);
			mainGroup = 064380222A1EEFBC00EC2FE3;
			productRefGroup = 0643802C2A1EEFBC00EC2FE3 /* Products */;
			projectDirPath = "";
			projectRoot = "";
			targets = (
				0643802A2A1EEFBC00EC2FE3 /* FaceRecogResearch */,
			);
		};
/* End PBXProject section */

/* Begin PBXResourcesBuildPhase section */
		064380292A1EEFBC00EC2FE3 /* Resources */ = {
			isa = PBXResourcesBuildPhase;
			buildActionMask = 2147483647;
			files = (
				064380362A1EEFBF00EC2FE3 /* Preview Assets.xcassets in Resources */,
				064380332A1EEFBE00EC2FE3 /* Assets.xcassets in Resources */,
			);
			runOnlyForDeploymentPostprocessing = 0;
		};
/* End PBXResourcesBuildPhase section */

/* Begin PBXSourcesBuildPhase section */
		064380272A1EEFBC00EC2FE3 /* Sources */ = {
			isa = PBXSourcesBuildPhase;
			buildActionMask = 2147483647;
			files = (
				0643803E2A1F5D2B00EC2FE3 /* Consent.swift in Sources */,
				064380312A1EEFBC00EC2FE3 /* Introduction.swift in Sources */,
				064380402A1F77CE00EC2FE3 /* InstructionA.swift in Sources */,
				06E107F72A6B891700126AF1 /* BulletPoint.swift in Sources */,
				06E107E32A61DCA500126AF1 /* PreviewView.swift in Sources */,
				06E107EF2A6B2FEF00126AF1 /* InstructionC.swift in Sources */,
				0615EBBA2A560230004F1C05 /* CircularProgressBar.swift in Sources */,
				0615EBBE2A5767B1004F1C05 /* Conditions.swift in Sources */,
				0615EBBC2A5750AB004F1C05 /* SuccessView.swift in Sources */,
				06E107E92A6B192E00126AF1 /* CardView.swift in Sources */,
				06952F7C2A4A903E003F81D2 /* NoSpaceList.swift in Sources */,
				0643805E2A2E9C7000EC2FE3 /* CameraViewDriver.swift in Sources */,
				06E107F32A6B859200126AF1 /* PhoneOtpView.swift in Sources */,
				06E107F52A6B885D00126AF1 /* FaceDetection.swift in Sources */,
				064380422A1F77F500EC2FE3 /* BeginTrial.swift in Sources */,
				06E107E72A6B189100126AF1 /* Card.swift in Sources */,
				0643802F2A1EEFBC00EC2FE3 /* FaceRecogResearchApp.swift in Sources */,
				06E107F92A6B8D3500126AF1 /* HoleMask.swift in Sources */,
				06E107F12A6B340800126AF1 /* Instruction.swift in Sources */,
				06E107ED2A6B2FDC00126AF1 /* InstructionB.swift in Sources */,
			);
			runOnlyForDeploymentPostprocessing = 0;
		};
/* End PBXSourcesBuildPhase section */

/* Begin XCBuildConfiguration section */
		064380372A1EEFBF00EC2FE3 /* Debug */ = {
			isa = XCBuildConfiguration;
			buildSettings = {
				ALWAYS_SEARCH_USER_PATHS = NO;
				CLANG_ANALYZER_NONNULL = YES;
				CLANG_ANALYZER_NUMBER_OBJECT_CONVERSION = YES_AGGRESSIVE;
				CLANG_CXX_LANGUAGE_STANDARD = "gnu++20";
				CLANG_ENABLE_MODULES = YES;
				CLANG_ENABLE_OBJC_ARC = YES;
				CLANG_ENABLE_OBJC_WEAK = YES;
				CLANG_WARN_BLOCK_CAPTURE_AUTORELEASING = YES;
				CLANG_WARN_BOOL_CONVERSION = YES;
				CLANG_WARN_COMMA = YES;
				CLANG_WARN_CONSTANT_CONVERSION = YES;
				CLANG_WARN_DEPRECATED_OBJC_IMPLEMENTATIONS = YES;
				CLANG_WARN_DIRECT_OBJC_ISA_USAGE = YES_ERROR;
				CLANG_WARN_DOCUMENTATION_COMMENTS = YES;
				CLANG_WARN_EMPTY_BODY = YES;
				CLANG_WARN_ENUM_CONVERSION = YES;
				CLANG_WARN_INFINITE_RECURSION = YES;
				CLANG_WARN_INT_CONVERSION = YES;
				CLANG_WARN_NON_LITERAL_NULL_CONVERSION = YES;
				CLANG_WARN_OBJC_IMPLICIT_RETAIN_SELF = YES;
				CLANG_WARN_OBJC_LITERAL_CONVERSION = YES;
				CLANG_WARN_OBJC_ROOT_CLASS = YES_ERROR;
				CLANG_WARN_QUOTED_INCLUDE_IN_FRAMEWORK_HEADER = YES;
				CLANG_WARN_RANGE_LOOP_ANALYSIS = YES;
				CLANG_WARN_STRICT_PROTOTYPES = YES;
				CLANG_WARN_SUSPICIOUS_MOVE = YES;
				CLANG_WARN_UNGUARDED_AVAILABILITY = YES_AGGRESSIVE;
				CLANG_WARN_UNREACHABLE_CODE = YES;
				CLANG_WARN__DUPLICATE_METHOD_MATCH = YES;
				COPY_PHASE_STRIP = NO;
				DEBUG_INFORMATION_FORMAT = dwarf;
				ENABLE_STRICT_OBJC_MSGSEND = YES;
				ENABLE_TESTABILITY = YES;
				GCC_C_LANGUAGE_STANDARD = gnu11;
				GCC_DYNAMIC_NO_PIC = NO;
				GCC_NO_COMMON_BLOCKS = YES;
				GCC_OPTIMIZATION_LEVEL = 0;
				GCC_PREPROCESSOR_DEFINITIONS = (
					"DEBUG=1",
					"$(inherited)",
				);
				GCC_WARN_64_TO_32_BIT_CONVERSION = YES;
				GCC_WARN_ABOUT_RETURN_TYPE = YES_ERROR;
				GCC_WARN_UNDECLARED_SELECTOR = YES;
				GCC_WARN_UNINITIALIZED_AUTOS = YES_AGGRESSIVE;
				GCC_WARN_UNUSED_FUNCTION = YES;
				GCC_WARN_UNUSED_VARIABLE = YES;
				IPHONEOS_DEPLOYMENT_TARGET = 16.0;
				MTL_ENABLE_DEBUG_INFO = INCLUDE_SOURCE;
				MTL_FAST_MATH = YES;
				ONLY_ACTIVE_ARCH = YES;
				SDKROOT = iphoneos;
				SWIFT_ACTIVE_COMPILATION_CONDITIONS = DEBUG;
				SWIFT_OPTIMIZATION_LEVEL = "-Onone";
			};
			name = Debug;
		};
		064380382A1EEFBF00EC2FE3 /* Release */ = {
			isa = XCBuildConfiguration;
			buildSettings = {
				ALWAYS_SEARCH_USER_PATHS = NO;
				CLANG_ANALYZER_NONNULL = YES;
				CLANG_ANALYZER_NUMBER_OBJECT_CONVERSION = YES_AGGRESSIVE;
				CLANG_CXX_LANGUAGE_STANDARD = "gnu++20";
				CLANG_ENABLE_MODULES = YES;
				CLANG_ENABLE_OBJC_ARC = YES;
				CLANG_ENABLE_OBJC_WEAK = YES;
				CLANG_WARN_BLOCK_CAPTURE_AUTORELEASING = YES;
				CLANG_WARN_BOOL_CONVERSION = YES;
				CLANG_WARN_COMMA = YES;
				CLANG_WARN_CONSTANT_CONVERSION = YES;
				CLANG_WARN_DEPRECATED_OBJC_IMPLEMENTATIONS = YES;
				CLANG_WARN_DIRECT_OBJC_ISA_USAGE = YES_ERROR;
				CLANG_WARN_DOCUMENTATION_COMMENTS = YES;
				CLANG_WARN_EMPTY_BODY = YES;
				CLANG_WARN_ENUM_CONVERSION = YES;
				CLANG_WARN_INFINITE_RECURSION = YES;
				CLANG_WARN_INT_CONVERSION = YES;
				CLANG_WARN_NON_LITERAL_NULL_CONVERSION = YES;
				CLANG_WARN_OBJC_IMPLICIT_RETAIN_SELF = YES;
				CLANG_WARN_OBJC_LITERAL_CONVERSION = YES;
				CLANG_WARN_OBJC_ROOT_CLASS = YES_ERROR;
				CLANG_WARN_QUOTED_INCLUDE_IN_FRAMEWORK_HEADER = YES;
				CLANG_WARN_RANGE_LOOP_ANALYSIS = YES;
				CLANG_WARN_STRICT_PROTOTYPES = YES;
				CLANG_WARN_SUSPICIOUS_MOVE = YES;
				CLANG_WARN_UNGUARDED_AVAILABILITY = YES_AGGRESSIVE;
				CLANG_WARN_UNREACHABLE_CODE = YES;
				CLANG_WARN__DUPLICATE_METHOD_MATCH = YES;
				COPY_PHASE_STRIP = NO;
				DEBUG_INFORMATION_FORMAT = "dwarf-with-dsym";
				ENABLE_NS_ASSERTIONS = NO;
				ENABLE_STRICT_OBJC_MSGSEND = YES;
				GCC_C_LANGUAGE_STANDARD = gnu11;
				GCC_NO_COMMON_BLOCKS = YES;
				GCC_WARN_64_TO_32_BIT_CONVERSION = YES;
				GCC_WARN_ABOUT_RETURN_TYPE = YES_ERROR;
				GCC_WARN_UNDECLARED_SELECTOR = YES;
				GCC_WARN_UNINITIALIZED_AUTOS = YES_AGGRESSIVE;
				GCC_WARN_UNUSED_FUNCTION = YES;
				GCC_WARN_UNUSED_VARIABLE = YES;
				IPHONEOS_DEPLOYMENT_TARGET = 16.0;
				MTL_ENABLE_DEBUG_INFO = NO;
				MTL_FAST_MATH = YES;
				SDKROOT = iphoneos;
				SWIFT_COMPILATION_MODE = wholemodule;
				SWIFT_OPTIMIZATION_LEVEL = "-O";
				VALIDATE_PRODUCT = YES;
			};
			name = Release;
		};
		0643803A2A1EEFBF00EC2FE3 /* Debug */ = {
			isa = XCBuildConfiguration;
			buildSettings = {
				ASSETCATALOG_COMPILER_APPICON_NAME = AppIcon;
				ASSETCATALOG_COMPILER_GLOBAL_ACCENT_COLOR_NAME = AccentColor;
				CODE_SIGN_STYLE = Automatic;
				CURRENT_PROJECT_VERSION = 1;
				DEVELOPMENT_ASSET_PATHS = "\"FaceRecogResearch/Preview Content\"";
				DEVELOPMENT_TEAM = TD5AMBS8XB;
				ENABLE_PREVIEWS = YES;
				GENERATE_INFOPLIST_FILE = YES;
				INFOPLIST_FILE = FaceRecogResearch/Info.plist;
				INFOPLIST_KEY_NSCameraUsageDescription = "For face recognition";
				INFOPLIST_KEY_NSPhotoLibraryUsageDescription = "Use image for face recognition";
				INFOPLIST_KEY_UIApplicationSceneManifest_Generation = YES;
				INFOPLIST_KEY_UIApplicationSupportsIndirectInputEvents = YES;
				INFOPLIST_KEY_UILaunchScreen_Generation = YES;
				INFOPLIST_KEY_UISupportedInterfaceOrientations_iPad = "UIInterfaceOrientationPortrait UIInterfaceOrientationPortraitUpsideDown UIInterfaceOrientationLandscapeLeft UIInterfaceOrientationLandscapeRight";
				INFOPLIST_KEY_UISupportedInterfaceOrientations_iPhone = "UIInterfaceOrientationPortrait UIInterfaceOrientationLandscapeLeft UIInterfaceOrientationLandscapeRight";
				IPHONEOS_DEPLOYMENT_TARGET = 16.0;
				LD_RUNPATH_SEARCH_PATHS = (
					"$(inherited)",
					"@executable_path/Frameworks",
				);
				MARKETING_VERSION = 1.0;
				PRODUCT_BUNDLE_IDENTIFIER = Umass.FaceRecogResearch;
				PRODUCT_NAME = "$(TARGET_NAME)";
				SWIFT_EMIT_LOC_STRINGS = YES;
				SWIFT_VERSION = 5.0;
				TARGETED_DEVICE_FAMILY = "1,2";
			};
			name = Debug;
		};
		0643803B2A1EEFBF00EC2FE3 /* Release */ = {
			isa = XCBuildConfiguration;
			buildSettings = {
				ASSETCATALOG_COMPILER_APPICON_NAME = AppIcon;
				ASSETCATALOG_COMPILER_GLOBAL_ACCENT_COLOR_NAME = AccentColor;
				CODE_SIGN_STYLE = Automatic;
				CURRENT_PROJECT_VERSION = 1;
				DEVELOPMENT_ASSET_PATHS = "\"FaceRecogResearch/Preview Content\"";
				DEVELOPMENT_TEAM = TD5AMBS8XB;
				ENABLE_PREVIEWS = YES;
				GENERATE_INFOPLIST_FILE = YES;
				INFOPLIST_FILE = FaceRecogResearch/Info.plist;
				INFOPLIST_KEY_NSCameraUsageDescription = "For face recognition";
				INFOPLIST_KEY_NSPhotoLibraryUsageDescription = "Use image for face recognition";
				INFOPLIST_KEY_UIApplicationSceneManifest_Generation = YES;
				INFOPLIST_KEY_UIApplicationSupportsIndirectInputEvents = YES;
				INFOPLIST_KEY_UILaunchScreen_Generation = YES;
				INFOPLIST_KEY_UISupportedInterfaceOrientations_iPad = "UIInterfaceOrientationPortrait UIInterfaceOrientationPortraitUpsideDown UIInterfaceOrientationLandscapeLeft UIInterfaceOrientationLandscapeRight";
				INFOPLIST_KEY_UISupportedInterfaceOrientations_iPhone = "UIInterfaceOrientationPortrait UIInterfaceOrientationLandscapeLeft UIInterfaceOrientationLandscapeRight";
				IPHONEOS_DEPLOYMENT_TARGET = 16.0;
				LD_RUNPATH_SEARCH_PATHS = (
					"$(inherited)",
					"@executable_path/Frameworks",
				);
				MARKETING_VERSION = 1.0;
				PRODUCT_BUNDLE_IDENTIFIER = Umass.FaceRecogResearch;
				PRODUCT_NAME = "$(TARGET_NAME)";
				SWIFT_EMIT_LOC_STRINGS = YES;
				SWIFT_VERSION = 5.0;
				TARGETED_DEVICE_FAMILY = "1,2";
			};
			name = Release;
		};
/* End XCBuildConfiguration section */

/* Begin XCConfigurationList section */
		064380262A1EEFBC00EC2FE3 /* Build configuration list for PBXProject "FaceRecogResearch" */ = {
			isa = XCConfigurationList;
			buildConfigurations = (
				064380372A1EEFBF00EC2FE3 /* Debug */,
				064380382A1EEFBF00EC2FE3 /* Release */,
			);
			defaultConfigurationIsVisible = 0;
			defaultConfigurationName = Release;
		};
		064380392A1EEFBF00EC2FE3 /* Build configuration list for PBXNativeTarget "FaceRecogResearch" */ = {
			isa = XCConfigurationList;
			buildConfigurations = (
				0643803A2A1EEFBF00EC2FE3 /* Debug */,
				0643803B2A1EEFBF00EC2FE3 /* Release */,
			);
			defaultConfigurationIsVisible = 0;
			defaultConfigurationName = Release;
		};
/* End XCConfigurationList section */
	};
	rootObject = 064380232A1EEFBC00EC2FE3 /* Project object */;
}
